{
    "_meta": {
        "hash": {
            "sha256": "1f723feb03359bd3bb3bb621fef9448e0e5fcf754dc23a97d29454147b1c435e"
        },
        "pipfile-spec": 6,
        "requires": {
            "python_version": "3.10"
        },
        "sources": [
            {
                "name": "pypi",
                "url": "https://pypi.org/simple",
                "verify_ssl": true
            }
        ]
    },
    "default": {
        "ansicon": {
            "hashes": [
                "sha256:e4d039def5768a47e4afec8e89e83ec3ae5a26bf00ad851f914d1240b444d2b1",
                "sha256:f1def52d17f65c2c9682cf8370c03f541f410c1752d6a14029f97318e4b9dfec"
            ],
            "index": "pypi",
            "version": "==1.89.0"
        },
        "asgiref": {
            "hashes": [
                "sha256:71e68008da809b957b7ee4b43dbccff33d1b23519fb8344e33f049897077afac",
                "sha256:9567dfe7bd8d3c8c892227827c41cce860b368104c3431da67a0c5a65a949506"
            ],
            "index": "pypi",
            "version": "==3.6.0"
        },
        "autopep8": {
            "hashes": [
                "sha256:44f0932855039d2c15c4510d6df665e4730f2b8582704fa48f9c55bd3e17d979",
                "sha256:ed77137193bbac52d029a52c59bec1b0629b5a186c495f1eb21b126ac466083f"
            ],
            "index": "pypi",
            "version": "==1.6.0"
        },
        "beautifulsoup4": {
            "hashes": [
                "sha256:58d5c3d29f5a36ffeb94f02f0d786cd53014cf9b3b3951d42e0080d8a9498d30",
                "sha256:ad9aa55b65ef2808eb405f46cf74df7fcb7044d5cbc26487f96eb2ef2e436693"
            ],
            "index": "pypi",
            "version": "==4.11.1"
        },
        "colorama": {
            "hashes": [
                "sha256:08695f5cb7ed6e0531a20572697297273c47b8cae5a63ffc6d6ed5c201be6e44",
                "sha256:4f1d9991f5acc0ca119f9d443620b77f9d6b33703e51011c16baf57afb285fc6"
            ],
            "index": "pypi",
            "version": "==0.4.6"
        },
        "django": {
            "hashes": [
                "sha256:ad33ed68db9398f5dfb33282704925bce044bef4261cd4fb59e4e7f9ae505a78",
                "sha256:c36e2ab12824e2ac36afa8b2515a70c53c7742f0d6eaefa7311ec379558db997"
            ],
            "index": "pypi",
            "version": "==4.2"
        },
        "django-cors-headers": {
            "hashes": [
                "sha256:39d1d5acb872c1860ecfd88b8572bfbb3a1f201b5685ede951d71fc57c7dfae5",
                "sha256:5f07e2ff8a95c887698e748588a4a0b2ad0ad1b5a292e2d33132f1253e2a97cb"
            ],
            "index": "pypi",
            "version": "==3.12.0"
        },
        "django-livereload-server": {
            "hashes": [
                "sha256:136c231e7ad3ba7a4db65426632dfa9b964ac04e8fa5f3808166447f016a4a91",
                "sha256:60ed030085ca53671d25704b10ec7aa3cc94a16da437b727a8dcce42471b4c65"
            ],
            "index": "pypi",
            "version": "==0.4"
        },
        "gunicorn": {
            "hashes": [
                "sha256:9dcc4547dbb1cb284accfb15ab5667a0e5d1881cc443e0677b4882a4067a807e",
                "sha256:e0a968b5ba15f8a328fdfd7ab1fcb5af4470c28aaf7e55df02a99bc13138e6e8"
            ],
            "index": "pypi",
            "version": "==20.1.0"
        },
        "install": {
            "hashes": [
                "sha256:0d3fadf4aa62c95efe8d34757c8507eb46177f86c016c21c6551eafc6a53d5a9",
                "sha256:e67c8a0be5ccf8cb4ffa17d090f3a61b6e820e6a7e21cd1d2c0f7bc59b18e647"
            ],
            "index": "pypi",
            "version": "==1.3.5"
        },
        "pillow": {
            "hashes": [
                "sha256:088df396b047477dd1bbc7de6e22f58400dae2f21310d9e2ec2933b2ef7dfa4f",
                "sha256:09e67ef6e430f90caa093528bd758b0616f8165e57ed8d8ce014ae32df6a831d",
                "sha256:0b4d5ad2cd3a1f0d1df882d926b37dbb2ab6c823ae21d041b46910c8f8cd844b",
                "sha256:0b525a356680022b0af53385944026d3486fc8c013638cf9900eb87c866afb4c",
                "sha256:1d4331aeb12f6b3791911a6da82de72257a99ad99726ed6b63f481c0184b6fb9",
                "sha256:20d514c989fa28e73a5adbddd7a171afa5824710d0ab06d4e1234195d2a2e546",
                "sha256:2b291cab8a888658d72b575a03e340509b6b050b62db1f5539dd5cd18fd50578",
                "sha256:3f6c1716c473ebd1649663bf3b42702d0d53e27af8b64642be0dd3598c761fb1",
                "sha256:42dfefbef90eb67c10c45a73a9bc1599d4dac920f7dfcbf4ec6b80cb620757fe",
                "sha256:488f3383cf5159907d48d32957ac6f9ea85ccdcc296c14eca1a4e396ecc32098",
                "sha256:4d45dbe4b21a9679c3e8b3f7f4f42a45a7d3ddff8a4a16109dff0e1da30a35b2",
                "sha256:53c27bd452e0f1bc4bfed07ceb235663a1df7c74df08e37fd6b03eb89454946a",
                "sha256:55e74faf8359ddda43fee01bffbc5bd99d96ea508d8a08c527099e84eb708f45",
                "sha256:59789a7d06c742e9d13b883d5e3569188c16acb02eeed2510fd3bfdbc1bd1530",
                "sha256:5b650dbbc0969a4e226d98a0b440c2f07a850896aed9266b6fedc0f7e7834108",
                "sha256:66daa16952d5bf0c9d5389c5e9df562922a59bd16d77e2a276e575d32e38afd1",
                "sha256:6e760cf01259a1c0a50f3c845f9cad1af30577fd8b670339b1659c6d0e7a41dd",
                "sha256:7502539939b53d7565f3d11d87c78e7ec900d3c72945d4ee0e2f250d598309a0",
                "sha256:769a7f131a2f43752455cc72f9f7a093c3ff3856bf976c5fb53a59d0ccc704f6",
                "sha256:7c150dbbb4a94ea4825d1e5f2c5501af7141ea95825fadd7829f9b11c97aaf6c",
                "sha256:8844217cdf66eabe39567118f229e275f0727e9195635a15e0e4b9227458daaf",
                "sha256:8a66fe50386162df2da701b3722781cbe90ce043e7d53c1fd6bd801bca6b48d4",
                "sha256:9370d6744d379f2de5d7fa95cdbd3a4d92f0b0ef29609b4b1687f16bc197063d",
                "sha256:937a54e5694684f74dcbf6e24cc453bfc5b33940216ddd8f4cd8f0f79167f765",
                "sha256:9c857532c719fb30fafabd2371ce9b7031812ff3889d75273827633bca0c4602",
                "sha256:a4165205a13b16a29e1ac57efeee6be2dfd5b5408122d59ef2145bc3239fa340",
                "sha256:b3fe2ff1e1715d4475d7e2c3e8dabd7c025f4410f79513b4ff2de3d51ce0fa9c",
                "sha256:b6617221ff08fbd3b7a811950b5c3f9367f6e941b86259843eab77c8e3d2b56b",
                "sha256:b761727ed7d593e49671d1827044b942dd2f4caae6e51bab144d4accf8244a84",
                "sha256:baf3be0b9446a4083cc0c5bb9f9c964034be5374b5bc09757be89f5d2fa247b8",
                "sha256:c17770a62a71718a74b7548098a74cd6880be16bcfff5f937f900ead90ca8e92",
                "sha256:c67db410508b9de9c4694c57ed754b65a460e4812126e87f5052ecf23a011a54",
                "sha256:d78ca526a559fb84faaaf84da2dd4addef5edb109db8b81677c0bb1aad342601",
                "sha256:e9ed59d1b6ee837f4515b9584f3d26cf0388b742a11ecdae0d9237a94505d03a",
                "sha256:f054b020c4d7e9786ae0404278ea318768eb123403b18453e28e47cdb7a0a4bf",
                "sha256:f372d0f08eff1475ef426344efe42493f71f377ec52237bf153c5713de987251",
                "sha256:f3f6a6034140e9e17e9abc175fc7a266a6e63652028e157750bd98e804a8ed9a",
                "sha256:ffde4c6fabb52891d81606411cbfaf77756e3b561b566efd270b3ed3791fde4e"
            ],
            "index": "pypi",
            "version": "==9.1.1"
        },
        "psycopg": {
            "extras": [
                "binary"
            ],
            "hashes": [
                "sha256:59b4a71536b146925513c0234dfd1dc42b81e65d56ce5335dff4813434dbc113",
                "sha256:b1500c42063abaa01d30b056f0b300826b8dd8d586900586029a294ce74af327"
            ],
            "index": "pypi",
            "version": "==3.1.8"
        },
        "psycopg-binary": {
            "hashes": [
                "sha256:064502d191d7bc32a48670cc605ce49abcdb5e01e2697ee3fe546cff330fb8ae",
                "sha256:0cc5d5a9b0acbf38e0b4de1c701d235f0cb750ef3de528dedfdbab1a367f2396",
                "sha256:0fe6205af5f63ee6e4816b267bf06add5934a259cddcf7dfdfc8ed738f5127b2",
                "sha256:10b8f1f96f5e8f02a60ba76dab315d3e71cb76c18ff49aa18bbf48a8089c3202",
                "sha256:1425c2cc4cfd4778d9dee578541f11546a93fc2f5c558a0411c94026a1cf94c7",
                "sha256:17d187743d8ca63d24fa724bfee76e50b6473f1fef998cebcd35348b0d5936de",
                "sha256:251d2e6dca112dd359c029f422a025d75e78f2f2af4a2aceff506fdc5120f5f9",
                "sha256:29a38b48cbec8484d83efea4d1d0707e49a3c51a2273cfbaa3d9ba280d3df7d9",
                "sha256:2c3d268cf2dbb79e52a555c2e7b26c6df2d014f3fb918d512ffc25ecc9c54582",
                "sha256:2d5ae85c6037e45862e304d39ec24a24ddebc7d2b5b3601155dddc07c19c0cdc",
                "sha256:2e7a7b41eba96c7b9648efee57298f1aa0d96e081dea76489f52113536981712",
                "sha256:32f2563db6e44372f593a76c94452ce476306e0fb508e092f3fab4d9091a9974",
                "sha256:33ecf37c6348232073ea62b0630655479021f855635f72b4170693032993cdaf",
                "sha256:37212244817b3cc7193ee4b5d60765c020ead5e53589c935d249bfb96452878b",
                "sha256:3762e73b6743139c5258d8b3a294edb309c691ba4f172c9f272315501390e7c2",
                "sha256:37df8714837d2c701ba4c54462a189b95d1a4439d4d147fb71018560e9a60547",
                "sha256:4325cee1641c25719bcf063f7683e909cb8cc9932ace3f8bf20ce112e47ce743",
                "sha256:478ecbb774398e5df6ee365a4d0a77f382a65f140e76720909804255c7801d4a",
                "sha256:574c8b7b51e8d5c06f27125fc218d1328c018c0c1ad8f1202033aa6897b8ee99",
                "sha256:58cb0d007768dbccb67783baacf1c4016c7be8a494339a514321edee3d3b787a",
                "sha256:59d8dbea1bc3dbbc819c0320cb2b641dc362389b096098c62172f49605f58284",
                "sha256:5f8400d400f64f659a897d1ef67212012524cc44882bd24387515df9bb723364",
                "sha256:5fd8492931865cc7181169b2dbf472377a5b5808f001e73f5c25b05bb61e9622",
                "sha256:60b22dd46e4e4f678379cf3388468171c2ecea74e90b1332d173ffa8cd83315f",
                "sha256:61a1ccef7e0bf6128a7818c9d22cc850cf7649cee9541e82e4a8c080a734024d",
                "sha256:73747e6a5dfb05500ff3857f9b9ee50e4f4f663250454d773b98d818545f10fa",
                "sha256:811d870ca9e97875db92f9b346492c4fa7a9edd74dce3604015dd13389fef46a",
                "sha256:858a794c2d5e984627503581f03cc68cef97ee080993b7b6a0b7b30cb4fac107",
                "sha256:8602836138bc209aa5f9821c8e8439466f151c3ec4fcdbc740697e49cff1b920",
                "sha256:87973d064a72bc2716309381b713f49f57c48100fb1f046943b780a04bc011f6",
                "sha256:8a0f425171e95379f1fe93b41d67c6dfe85b6b635944facf07ca26ff7fa8ab1d",
                "sha256:8bb9f577a09e799322008e574a1671c5b2645e990f954be2b7dae669e3779750",
                "sha256:94f9e7ccbfdba1c4f5de80b615187eb47a351ab64a9123d87aea4bf347c1e1d8",
                "sha256:9ac81e68262b03163ca977f34448b4cadbc49db929146406b4706fe2141d76d1",
                "sha256:9cf94411f5a9064cf4ab1066976a7bce44f970f9603a01585c1040465eb312f9",
                "sha256:a161785b1c8e26cd8e8d5436fa39ba2a8af590c17f1741aae11f8076a08485e6",
                "sha256:a1f052642a54eda53786fa8b72fca2e48ceaf0fc2f3e8709c87694fd7c45ac50",
                "sha256:a8fee8d846f9614331bd764850b4c1363730d36e88e14aa28ec4639318fd2093",
                "sha256:a978d2bea09265eb6ebcd1b8a3aa05ea4118aa4013cb9669e12a8656975385cd",
                "sha256:b36fcc67d8b23935ee871a6331c9631ecfdb11452a64f34b8ecb9642de43aec8",
                "sha256:b40b56c5b3ffa8481f7bebb08473602ddb8e2e86ba25bf9261ba428eb7887175",
                "sha256:b4d1a4ea2ca20f0bc944bc28e4addb80e6a22ac60a85fc7035e57c88e96f3a18",
                "sha256:bf59e1d06f420930fc4c16a42ed6476c60c83976c82e53012dbca45f009d5978",
                "sha256:c1a2209ef4df25f4ed8d91924bd4d9c7028d254e61216366c4b894c8a6ea4f88",
                "sha256:c27be5ddf4a05146ae7fb8429e9367dad0dc278a7d0e2f5094dd533195c4f8a1",
                "sha256:cb3013b76cbab4a903f3b9c87f4518335627cb05fd89f9e04520c1743c2b919b",
                "sha256:db84eaa9e2d13e37a97dcd39d2fe78e0a3052c9aa67b5f0b4f3d346a155f4d21",
                "sha256:e3dc783eedde10f966039ecc5f96f7df25c288ea4f6795d28b990f312c33ff09",
                "sha256:e68e8b8077cd45dd2683fcd9a384e7672b400e26c0c7d04dac0cf0763c12be78",
                "sha256:f32684b4fc3863190c4b9c141342b2cbdb81632731b9c68e6946d772ba0560f2",
                "sha256:f45766ce8e74eb456d8672116e936391e67290c50fd0cc1b41876b61261869b6",
                "sha256:f99806a5b9a5ba5cb5f46a0fa0440cd721556e0af09a7cadcc39e27ae9b1807e",
                "sha256:fa8ca48a35be0f9880ed2093c213f07d318fa9389a2b9194196c239e41a77841",
                "sha256:fbfc9ae4edfb76c14d09bd70d6f399eb935008bbb3bc4cd6a4ab76645ba3443e"
            ],
            "version": "==3.1.8"
        },
        "pycodestyle": {
            "hashes": [
                "sha256:720f8b39dde8b293825e7ff02c475f3077124006db4f440dcbc9a20b76548a20",
                "sha256:eddd5847ef438ea1c7870ca7eb78a9d47ce0cdb4851a5523949f2601d0cbbe7f"
            ],
            "index": "pypi",
            "version": "==2.8.0"
        },
        "python-decouple": {
            "hashes": [
                "sha256:2838cdf77a5cf127d7e8b339ce14c25bceb3af3e674e039d4901ba16359968c7",
                "sha256:6cf502dc963a5c642ea5ead069847df3d916a6420cad5599185de6bab11d8c2e"
            ],
            "index": "pypi",
            "version": "==3.6"
        },
        "python-dotenv": {
            "hashes": [
                "sha256:a8df96034aae6d2d50a4ebe8216326c61c3eb64836776504fcca410e5937a3ba",
                "sha256:f5971a9226b701070a4bf2c38c89e5a3f0d64de8debda981d1db98583009122a"
            ],
            "index": "pypi",
            "version": "==1.0.0"
        },
        "setuptools": {
            "hashes": [
                "sha256:888be97fde8cc3afd60f7784e678fa29ee13c4e5362daa7104a93bba33646c50",
                "sha256:b7e53a01c6c654d26d2999ee033d8c6125e5fa55f03b7b193f937ae7ac999f22"
            ],
            "markers": "python_version >= '3.7'",
            "version": "==67.7.0"
        },
        "six": {
            "hashes": [
                "sha256:1e61c37477a1626458e36f7b1d82aa5c9b094fa4802892072e49de9c60c4c926",
                "sha256:8abb2f1d86890a2dfb989f9a77cfcfd3e47c2a354b01111771326f8aa26e0254"
            ],
            "index": "pypi",
            "version": "==1.16.0"
        },
        "soupsieve": {
            "hashes": [
                "sha256:3b2503d3c7084a42b1ebd08116e5f81aadfaea95863628c80a3b774a11b7c759",
                "sha256:fc53893b3da2c33de295667a0e19f078c14bf86544af307354de5fcf12a3f30d"
            ],
            "index": "pypi",
            "version": "==2.3.2.post1"
        },
        "sqlparse": {
            "hashes": [
                "sha256:0c00730c74263a94e5a9919ade150dfc3b19c574389985446148402998287dae",
                "sha256:48719e356bb8b42991bdbb1e8b83223757b93789c00910a616a071910ca4a64d"
            ],
            "index": "pypi",
            "version": "==0.4.2"
        },
        "toml": {
            "hashes": [
                "sha256:806143ae5bfb6a3c6e736a764057db0e6a0e05e338b5630894a5f779cabb4f9b",
                "sha256:b3bda1d108d5dd99f4a20d24d9c348e91c4db7ab1b749200bded2f839ccbe68f"
            ],
            "index": "pypi",
            "version": "==0.10.2"
        },
        "tornado": {
            "hashes": [
                "sha256:0a00ff4561e2929a2c37ce706cb8233b7907e0cdc22eab98888aca5dd3775feb",
                "sha256:0d321a39c36e5f2c4ff12b4ed58d41390460f798422c4504e09eb5678e09998c",
                "sha256:1e8225a1070cd8eec59a996c43229fe8f95689cb16e552d130b9793cb570a288",
                "sha256:20241b3cb4f425e971cb0a8e4ffc9b0a861530ae3c52f2b0434e6c1b57e9fd95",
                "sha256:25ad220258349a12ae87ede08a7b04aca51237721f63b1808d39bdb4b2164558",
                "sha256:33892118b165401f291070100d6d09359ca74addda679b60390b09f8ef325ffe",
                "sha256:33c6e81d7bd55b468d2e793517c909b139960b6c790a60b7991b9b6b76fb9791",
                "sha256:3447475585bae2e77ecb832fc0300c3695516a47d46cefa0528181a34c5b9d3d",
                "sha256:34ca2dac9e4d7afb0bed4677512e36a52f09caa6fded70b4e3e1c89dbd92c326",
                "sha256:3e63498f680547ed24d2c71e6497f24bca791aca2fe116dbc2bd0ac7f191691b",
                "sha256:548430be2740e327b3fe0201abe471f314741efcb0067ec4f2d7dcfb4825f3e4",
                "sha256:6196a5c39286cc37c024cd78834fb9345e464525d8991c21e908cc046d1cc02c",
                "sha256:61b32d06ae8a036a6607805e6720ef00a3c98207038444ba7fd3d169cd998910",
                "sha256:6286efab1ed6e74b7028327365cf7346b1d777d63ab30e21a0f4d5b275fc17d5",
                "sha256:65d98939f1a2e74b58839f8c4dab3b6b3c1ce84972ae712be02845e65391ac7c",
                "sha256:66324e4e1beede9ac79e60f88de548da58b1f8ab4b2f1354d8375774f997e6c0",
                "sha256:6c77c9937962577a6a76917845d06af6ab9197702a42e1346d8ae2e76b5e3675",
                "sha256:70dec29e8ac485dbf57481baee40781c63e381bebea080991893cd297742b8fd",
                "sha256:7250a3fa399f08ec9cb3f7b1b987955d17e044f1ade821b32e5f435130250d7f",
                "sha256:748290bf9112b581c525e6e6d3820621ff020ed95af6f17fedef416b27ed564c",
                "sha256:7da13da6f985aab7f6f28debab00c67ff9cbacd588e8477034c0652ac141feea",
                "sha256:8f959b26f2634a091bb42241c3ed8d3cedb506e7c27b8dd5c7b9f745318ddbb6",
                "sha256:9de9e5188a782be6b1ce866e8a51bc76a0fbaa0e16613823fc38e4fc2556ad05",
                "sha256:a48900ecea1cbb71b8c71c620dee15b62f85f7c14189bdeee54966fbd9a0c5bd",
                "sha256:b87936fd2c317b6ee08a5741ea06b9d11a6074ef4cc42e031bc6403f82a32575",
                "sha256:c77da1263aa361938476f04c4b6c8916001b90b2c2fdd92d8d535e1af48fba5a",
                "sha256:cb5ec8eead331e3bb4ce8066cf06d2dfef1bfb1b2a73082dfe8a161301b76e37",
                "sha256:cc0ee35043162abbf717b7df924597ade8e5395e7b66d18270116f8745ceb795",
                "sha256:d14d30e7f46a0476efb0deb5b61343b1526f73ebb5ed84f23dc794bdb88f9d9f",
                "sha256:d371e811d6b156d82aa5f9a4e08b58debf97c302a35714f6f45e35139c332e32",
                "sha256:d3d20ea5782ba63ed13bc2b8c291a053c8d807a8fa927d941bd718468f7b950c",
                "sha256:d3f7594930c423fd9f5d1a76bee85a2c36fd8b4b16921cae7e965f22575e9c01",
                "sha256:dcef026f608f678c118779cd6591c8af6e9b4155c44e0d1bc0c87c036fb8c8c4",
                "sha256:e0791ac58d91ac58f694d8d2957884df8e4e2f6687cdf367ef7eb7497f79eaa2",
                "sha256:e385b637ac3acaae8022e7e47dfa7b83d3620e432e3ecb9a3f7f58f150e50921",
                "sha256:e519d64089b0876c7b467274468709dadf11e41d65f63bba207e04217f47c085",
                "sha256:e7229e60ac41a1202444497ddde70a48d33909e484f96eb0da9baf8dc68541df",
                "sha256:ed3ad863b1b40cd1d4bd21e7498329ccaece75db5a5bf58cd3c9f130843e7102",
                "sha256:f0ba29bafd8e7e22920567ce0d232c26d4d47c8b5cf4ed7b562b5db39fa199c5",
                "sha256:fa2ba70284fa42c2a5ecb35e322e68823288a4251f9ba9cc77be04ae15eada68",
                "sha256:fba85b6cd9c39be262fcd23865652920832b61583de2a2ca907dbd8e8a8c81e5"
            ],
            "index": "pypi",
            "version": "==6.1"
        },
        "typing-extensions": {
            "hashes": [
                "sha256:5cb5f4a79139d699607b3ef622a1dedafa84e115ab0024e0d9c044a9479ca7cb",
                "sha256:fb33085c39dd998ac16d1431ebc293a8b3eedd00fd4a32de0ff79002c19511b4"
            ],
            "markers": "python_version >= '3.7'",
            "version": "==4.5.0"
        },
        "tzdata": {
            "hashes": [
                "sha256:238e70234214138ed7b4e8a0fab0e5e13872edab3be586ab8198c407620e2ab9",
                "sha256:8b536a8ec63dc0751342b3984193a3118f8fca2afe25752bb9b7fffd398552d3"
            ],
            "index": "pypi",
            "version": "==2022.1"
        }
    },
    "develop": {}
}
